// !$*UTF8*$!
{
	archiveVersion = 1;
	classes = {
	};
	objectVersion = 56;
	objects = {

/* Begin PBXBuildFile section */
		C3841C4128F80CEC00C19DC2 /* NoteSheet.swift in Sources */ = {isa = PBXBuildFile; fileRef = C3841C4028F80CEC00C19DC2 /* NoteSheet.swift */; };
		C3841C4328F80CF700C19DC2 /* ContentView.swift in Sources */ = {isa = PBXBuildFile; fileRef = C3841C4228F80CF700C19DC2 /* ContentView.swift */; };
		C3841C4928F84DE100C19DC2 /* Experience.rcproject in Sources */ = {isa = PBXBuildFile; fileRef = C3841C4828F84DE100C19DC2 /* Experience.rcproject */; };
		C39BD58628EAE63500022089 /* AppDelegate.swift in Sources */ = {isa = PBXBuildFile; fileRef = C39BD58528EAE63500022089 /* AppDelegate.swift */; };
		C39BD58828EAE63500022089 /* ViewController.swift in Sources */ = {isa = PBXBuildFile; fileRef = C39BD58728EAE63500022089 /* ViewController.swift */; };
		C39BD58D28EAE63500022089 /* Main.storyboard in Resources */ = {isa = PBXBuildFile; fileRef = C39BD58B28EAE63500022089 /* Main.storyboard */; };
		C39BD58F28EAE63700022089 /* Assets.xcassets in Resources */ = {isa = PBXBuildFile; fileRef = C39BD58E28EAE63700022089 /* Assets.xcassets */; };
		C39BD59228EAE63700022089 /* LaunchScreen.storyboard in Resources */ = {isa = PBXBuildFile; fileRef = C39BD59028EAE63700022089 /* LaunchScreen.storyboard */; };
		C39BD5A628EC27A900022089 /* MultipeerSession in Frameworks */ = {isa = PBXBuildFile; productRef = C39BD5A528EC27A900022089 /* MultipeerSession */; };
/* End PBXBuildFile section */

/* Begin PBXFileReference section */
		C332674E28F6D8CC00E32D9A /* info.plist */ = {isa = PBXFileReference; lastKnownFileType = text.plist.xml; path = info.plist; sourceTree = "<group>"; };
		C3841C4028F80CEC00C19DC2 /* NoteSheet.swift */ = {isa = PBXFileReference; fileEncoding = 4; lastKnownFileType = sourcecode.swift; path = NoteSheet.swift; sourceTree = "<group>"; };
		C3841C4228F80CF700C19DC2 /* ContentView.swift */ = {isa = PBXFileReference; fileEncoding = 4; lastKnownFileType = sourcecode.swift; path = ContentView.swift; sourceTree = "<group>"; };
		C3841C4828F84DE100C19DC2 /* Experience.rcproject */ = {isa = PBXFileReference; lastKnownFileType = file.rcproject; path = Experience.rcproject; sourceTree = "<group>"; };
		C39BD58228EAE63500022089 /* LanguageImmersion.app */ = {isa = PBXFileReference; explicitFileType = wrapper.application; includeInIndex = 0; path = LanguageImmersion.app; sourceTree = BUILT_PRODUCTS_DIR; };
		C39BD58528EAE63500022089 /* AppDelegate.swift */ = {isa = PBXFileReference; lastKnownFileType = sourcecode.swift; path = AppDelegate.swift; sourceTree = "<group>"; };
		C39BD58728EAE63500022089 /* ViewController.swift */ = {isa = PBXFileReference; lastKnownFileType = sourcecode.swift; path = ViewController.swift; sourceTree = "<group>"; };
		C39BD58C28EAE63500022089 /* Base */ = {isa = PBXFileReference; lastKnownFileType = file.storyboard; name = Base; path = Base.lproj/Main.storyboard; sourceTree = "<group>"; };
		C39BD58E28EAE63700022089 /* Assets.xcassets */ = {isa = PBXFileReference; lastKnownFileType = folder.assetcatalog; path = Assets.xcassets; sourceTree = "<group>"; };
		C39BD59128EAE63700022089 /* Base */ = {isa = PBXFileReference; lastKnownFileType = file.storyboard; name = Base; path = Base.lproj/LaunchScreen.storyboard; sourceTree = "<group>"; };
/* End PBXFileReference section */

/* Begin PBXFrameworksBuildPhase section */
		C39BD57F28EAE63500022089 /* Frameworks */ = {
			isa = PBXFrameworksBuildPhase;
			buildActionMask = 2147483647;
			files = (
				C39BD5A628EC27A900022089 /* MultipeerSession in Frameworks */,
			);
			runOnlyForDeploymentPostprocessing = 0;
		};
/* End PBXFrameworksBuildPhase section */

/* Begin PBXGroup section */
		C39BD57928EAE63500022089 = {
			isa = PBXGroup;
			children = (
				C39BD58428EAE63500022089 /* LanguageImmersion */,
				C39BD58328EAE63500022089 /* Products */,
			);
			sourceTree = "<group>";
		};
		C39BD58328EAE63500022089 /* Products */ = {
			isa = PBXGroup;
			children = (
				C39BD58228EAE63500022089 /* LanguageImmersion.app */,
			);
			name = Products;
			sourceTree = "<group>";
		};
		C39BD58428EAE63500022089 /* LanguageImmersion */ = {
			isa = PBXGroup;
			children = (
				C39BD58528EAE63500022089 /* AppDelegate.swift */,
				C39BD58728EAE63500022089 /* ViewController.swift */,
				C3841C4828F84DE100C19DC2 /* Experience.rcproject */,
				C39BD58B28EAE63500022089 /* Main.storyboard */,
				C39BD58E28EAE63700022089 /* Assets.xcassets */,
				C39BD59028EAE63700022089 /* LaunchScreen.storyboard */,
				C332674E28F6D8CC00E32D9A /* info.plist */,
				C3841C4228F80CF700C19DC2 /* ContentView.swift */,
				C3841C4028F80CEC00C19DC2 /* NoteSheet.swift */,
			);
			path = LanguageImmersion;
			sourceTree = "<group>";
		};
/* End PBXGroup section */

/* Begin PBXNativeTarget section */
		C39BD58128EAE63500022089 /* LanguageImmersion */ = {
			isa = PBXNativeTarget;
			buildConfigurationList = C39BD59528EAE63700022089 /* Build configuration list for PBXNativeTarget "LanguageImmersion" */;
			buildPhases = (
				C39BD57E28EAE63500022089 /* Sources */,
				C39BD57F28EAE63500022089 /* Frameworks */,
				C39BD58028EAE63500022089 /* Resources */,
			);
			buildRules = (
			);
			dependencies = (
			);
			name = LanguageImmersion;
			packageProductDependencies = (
				C39BD5A528EC27A900022089 /* MultipeerSession */,
			);
			productName = LanguageImmersion;
			productReference = C39BD58228EAE63500022089 /* LanguageImmersion.app */;
			productType = "com.apple.product-type.application";
		};
/* End PBXNativeTarget section */

/* Begin PBXProject section */
		C39BD57A28EAE63500022089 /* Project object */ = {
			isa = PBXProject;
			attributes = {
				BuildIndependentTargetsInParallel = 1;
				LastSwiftUpdateCheck = 1400;
				LastUpgradeCheck = 1400;
				TargetAttributes = {
					C39BD58128EAE63500022089 = {
						CreatedOnToolsVersion = 14.0.1;
					};
				};
			};
			buildConfigurationList = C39BD57D28EAE63500022089 /* Build configuration list for PBXProject "LanguageImmersion" */;
			compatibilityVersion = "Xcode 14.0";
			developmentRegion = en;
			hasScannedForEncodings = 0;
			knownRegions = (
				en,
				Base,
			);
			mainGroup = C39BD57928EAE63500022089;
			packageReferences = (
				C39BD5A428EC27A900022089 /* XCRemoteSwiftPackageReference "multipeer-session" */,
			);
			productRefGroup = C39BD58328EAE63500022089 /* Products */;
			projectDirPath = "";
			projectRoot = "";
			targets = (
				C39BD58128EAE63500022089 /* LanguageImmersion */,
			);
		};
/* End PBXProject section */

/* Begin PBXResourcesBuildPhase section */
		C39BD58028EAE63500022089 /* Resources */ = {
			isa = PBXResourcesBuildPhase;
			buildActionMask = 2147483647;
			files = (
				C39BD59228EAE63700022089 /* LaunchScreen.storyboard in Resources */,
				C39BD58F28EAE63700022089 /* Assets.xcassets in Resources */,
				C39BD58D28EAE63500022089 /* Main.storyboard in Resources */,
			);
			runOnlyForDeploymentPostprocessing = 0;
		};
/* End PBXResourcesBuildPhase section */

/* Begin PBXSourcesBuildPhase section */
		C39BD57E28EAE63500022089 /* Sources */ = {
			isa = PBXSourcesBuildPhase;
			buildActionMask = 2147483647;
			files = (
				C39BD58828EAE63500022089 /* ViewController.swift in Sources */,
				C3841C4928F84DE100C19DC2 /* Experience.rcproject in Sources */,
				C3841C4328F80CF700C19DC2 /* ContentView.swift in Sources */,
				C3841C4128F80CEC00C19DC2 /* NoteSheet.swift in Sources */,
				C39BD58628EAE63500022089 /* AppDelegate.swift in Sources */,
			);
			runOnlyForDeploymentPostprocessing = 0;
		};
/* End PBXSourcesBuildPhase section */

/* Begin PBXVariantGroup section */
		C39BD58B28EAE63500022089 /* Main.storyboard */ = {
			isa = PBXVariantGroup;
			children = (
				C39BD58C28EAE63500022089 /* Base */,
			);
			name = Main.storyboard;
			sourceTree = "<group>";
		};
		C39BD59028EAE63700022089 /* LaunchScreen.storyboard */ = {
			isa = PBXVariantGroup;
			children = (
				C39BD59128EAE63700022089 /* Base */,
			);
			name = LaunchScreen.storyboard;
			sourceTree = "<group>";
		};
/* End PBXVariantGroup section */

/* Begin XCBuildConfiguration section */
		C39BD59328EAE63700022089 /* Debug */ = {
			isa = XCBuildConfiguration;
			buildSettings = {
				ALWAYS_SEARCH_USER_PATHS = NO;
				CLANG_ANALYZER_NONNULL = YES;
				CLANG_ANALYZER_NUMBER_OBJECT_CONVERSION = YES_AGGRESSIVE;
				CLANG_CXX_LANGUAGE_STANDARD = "gnu++20";
				CLANG_ENABLE_MODULES = YES;
				CLANG_ENABLE_OBJC_ARC = YES;
				CLANG_ENABLE_OBJC_WEAK = YES;
				CLANG_WARN_BLOCK_CAPTURE_AUTORELEASING = YES;
				CLANG_WARN_BOOL_CONVERSION = YES;
				CLANG_WARN_COMMA = YES;
				CLANG_WARN_CONSTANT_CONVERSION = YES;
				CLANG_WARN_DEPRECATED_OBJC_IMPLEMENTATIONS = YES;
				CLANG_WARN_DIRECT_OBJC_ISA_USAGE = YES_ERROR;
				CLANG_WARN_DOCUMENTATION_COMMENTS = YES;
				CLANG_WARN_EMPTY_BODY = YES;
				CLANG_WARN_ENUM_CONVERSION = YES;
				CLANG_WARN_INFINITE_RECURSION = YES;
				CLANG_WARN_INT_CONVERSION = YES;
				CLANG_WARN_NON_LITERAL_NULL_CONVERSION = YES;
				CLANG_WARN_OBJC_IMPLICIT_RETAIN_SELF = YES;
				CLANG_WARN_OBJC_LITERAL_CONVERSION = YES;
				CLANG_WARN_OBJC_ROOT_CLASS = YES_ERROR;
				CLANG_WARN_QUOTED_INCLUDE_IN_FRAMEWORK_HEADER = YES;
				CLANG_WARN_RANGE_LOOP_ANALYSIS = YES;
				CLANG_WARN_STRICT_PROTOTYPES = YES;
				CLANG_WARN_SUSPICIOUS_MOVE = YES;
				CLANG_WARN_UNGUARDED_AVAILABILITY = YES_AGGRESSIVE;
				CLANG_WARN_UNREACHABLE_CODE = YES;
				CLANG_WARN__DUPLICATE_METHOD_MATCH = YES;
				COPY_PHASE_STRIP = NO;
				DEBUG_INFORMATION_FORMAT = dwarf;
				ENABLE_STRICT_OBJC_MSGSEND = YES;
				ENABLE_TESTABILITY = YES;
				GCC_C_LANGUAGE_STANDARD = gnu11;
				GCC_DYNAMIC_NO_PIC = NO;
				GCC_NO_COMMON_BLOCKS = YES;
				GCC_OPTIMIZATION_LEVEL = 0;
				GCC_PREPROCESSOR_DEFINITIONS = (
					"DEBUG=1",
					"$(inherited)",
				);
				GCC_WARN_64_TO_32_BIT_CONVERSION = YES;
				GCC_WARN_ABOUT_RETURN_TYPE = YES_ERROR;
				GCC_WARN_UNDECLARED_SELECTOR = YES;
				GCC_WARN_UNINITIALIZED_AUTOS = YES_AGGRESSIVE;
				GCC_WARN_UNUSED_FUNCTION = YES;
				GCC_WARN_UNUSED_VARIABLE = YES;
				GENERATE_INFOPLIST_FILE = NO;
				INFOPLIST_FILE = LanguageImmersion/Info.plist;
				"INFOPLIST_FILE[sdk=*]" = LanguageImmersion/Info.plist;
				INFOPLIST_KEY_NSLocalNetworkUsageDescription = testinggggg;
				INFOPLIST_KEY_WKExtensionDelegateClassName = "";
				IPHONEOS_DEPLOYMENT_TARGET = 16.0;
				MTL_ENABLE_DEBUG_INFO = INCLUDE_SOURCE;
				MTL_FAST_MATH = YES;
				ONLY_ACTIVE_ARCH = YES;
				SDKROOT = iphoneos;
				SWIFT_ACTIVE_COMPILATION_CONDITIONS = DEBUG;
				SWIFT_OPTIMIZATION_LEVEL = "-Onone";
			};
			name = Debug;
		};
		C39BD59428EAE63700022089 /* Release */ = {
			isa = XCBuildConfiguration;
			buildSettings = {
				ALWAYS_SEARCH_USER_PATHS = NO;
				CLANG_ANALYZER_NONNULL = YES;
				CLANG_ANALYZER_NUMBER_OBJECT_CONVERSION = YES_AGGRESSIVE;
				CLANG_CXX_LANGUAGE_STANDARD = "gnu++20";
				CLANG_ENABLE_MODULES = YES;
				CLANG_ENABLE_OBJC_ARC = YES;
				CLANG_ENABLE_OBJC_WEAK = YES;
				CLANG_WARN_BLOCK_CAPTURE_AUTORELEASING = YES;
				CLANG_WARN_BOOL_CONVERSION = YES;
				CLANG_WARN_COMMA = YES;
				CLANG_WARN_CONSTANT_CONVERSION = YES;
				CLANG_WARN_DEPRECATED_OBJC_IMPLEMENTATIONS = YES;
				CLANG_WARN_DIRECT_OBJC_ISA_USAGE = YES_ERROR;
				CLANG_WARN_DOCUMENTATION_COMMENTS = YES;
				CLANG_WARN_EMPTY_BODY = YES;
				CLANG_WARN_ENUM_CONVERSION = YES;
				CLANG_WARN_INFINITE_RECURSION = YES;
				CLANG_WARN_INT_CONVERSION = YES;
				CLANG_WARN_NON_LITERAL_NULL_CONVERSION = YES;
				CLANG_WARN_OBJC_IMPLICIT_RETAIN_SELF = YES;
				CLANG_WARN_OBJC_LITERAL_CONVERSION = YES;
				CLANG_WARN_OBJC_ROOT_CLASS = YES_ERROR;
				CLANG_WARN_QUOTED_INCLUDE_IN_FRAMEWORK_HEADER = YES;
				CLANG_WARN_RANGE_LOOP_ANALYSIS = YES;
				CLANG_WARN_STRICT_PROTOTYPES = YES;
				CLANG_WARN_SUSPICIOUS_MOVE = YES;
				CLANG_WARN_UNGUARDED_AVAILABILITY = YES_AGGRESSIVE;
				CLANG_WARN_UNREACHABLE_CODE = YES;
				CLANG_WARN__DUPLICATE_METHOD_MATCH = YES;
				COPY_PHASE_STRIP = NO;
				DEBUG_INFORMATION_FORMAT = "dwarf-with-dsym";
				ENABLE_NS_ASSERTIONS = NO;
				ENABLE_STRICT_OBJC_MSGSEND = YES;
				GCC_C_LANGUAGE_STANDARD = gnu11;
				GCC_NO_COMMON_BLOCKS = YES;
				GCC_WARN_64_TO_32_BIT_CONVERSION = YES;
				GCC_WARN_ABOUT_RETURN_TYPE = YES_ERROR;
				GCC_WARN_UNDECLARED_SELECTOR = YES;
				GCC_WARN_UNINITIALIZED_AUTOS = YES_AGGRESSIVE;
				GCC_WARN_UNUSED_FUNCTION = YES;
				GCC_WARN_UNUSED_VARIABLE = YES;
				GENERATE_INFOPLIST_FILE = NO;
				INFOPLIST_FILE = LanguageImmersion/Info.plist;
				INFOPLIST_KEY_NSLocalNetworkUsageDescription = testinggggg;
				INFOPLIST_KEY_WKExtensionDelegateClassName = "";
				IPHONEOS_DEPLOYMENT_TARGET = 16.0;
				MTL_ENABLE_DEBUG_INFO = NO;
				MTL_FAST_MATH = YES;
				SDKROOT = iphoneos;
				SWIFT_COMPILATION_MODE = wholemodule;
				SWIFT_OPTIMIZATION_LEVEL = "-O";
				VALIDATE_PRODUCT = YES;
			};
			name = Release;
		};
		C39BD59628EAE63700022089 /* Debug */ = {
			isa = XCBuildConfiguration;
			buildSettings = {
				ASSETCATALOG_COMPILER_APPICON_NAME = AppIcon;
				ASSETCATALOG_COMPILER_GLOBAL_ACCENT_COLOR_NAME = AccentColor;
				CODE_SIGN_STYLE = Automatic;
				CURRENT_PROJECT_VERSION = 1;
				DEVELOPMENT_TEAM = DRH4RY89KN;
				EXECUTABLE_EXTENSION = "";
				GENERATE_INFOPLIST_FILE = YES;
				INFOPLIST_KEY_NSCameraUsageDescription = "";
				INFOPLIST_KEY_NSLocalNetworkUsageDescription = "Connect multiple devices together";
				INFOPLIST_KEY_UIApplicationSupportsIndirectInputEvents = YES;
				INFOPLIST_KEY_UILaunchStoryboardName = LaunchScreen;
				INFOPLIST_KEY_UIMainStoryboardFile = Main;
				INFOPLIST_KEY_UIRequiredDeviceCapabilities = arkit;
				INFOPLIST_KEY_UIStatusBarHidden = YES;
				INFOPLIST_KEY_UISupportedInterfaceOrientations_iPad = "UIInterfaceOrientationPortrait UIInterfaceOrientationPortraitUpsideDown UIInterfaceOrientationLandscapeLeft UIInterfaceOrientationLandscapeRight";
				INFOPLIST_KEY_UISupportedInterfaceOrientations_iPhone = "UIInterfaceOrientationPortrait UIInterfaceOrientationLandscapeLeft UIInterfaceOrientationLandscapeRight";
				INFOPLIST_KEY_WKExtensionDelegateClassName = "";
				LD_RUNPATH_SEARCH_PATHS = (
					"$(inherited)",
					"@executable_path/Frameworks",
				);
				MARKETING_VERSION = 1.0;
				NEW_SETTING = "";
				PRODUCT_BUNDLE_IDENTIFIER = com.cassia.LanguageImmersion;
				PRODUCT_NAME = "$(TARGET_NAME)";
				SWIFT_EMIT_LOC_STRINGS = YES;
				SWIFT_VERSION = 5.0;
				TARGETED_DEVICE_FAMILY = "1,2";
			};
			name = Debug;
		};
		C39BD59728EAE63700022089 /* Release */ = {
			isa = XCBuildConfiguration;
			buildSettings = {
				ASSETCATALOG_COMPILER_APPICON_NAME = AppIcon;
				ASSETCATALOG_COMPILER_GLOBAL_ACCENT_COLOR_NAME = AccentColor;
				CODE_SIGN_STYLE = Automatic;
				CURRENT_PROJECT_VERSION = 1;
				DEVELOPMENT_TEAM = DRH4RY89KN;
				EXECUTABLE_EXTENSION = "";
				GENERATE_INFOPLIST_FILE = YES;
				INFOPLIST_KEY_NSCameraUsageDescription = "";
				INFOPLIST_KEY_NSLocalNetworkUsageDescription = "Connect multiple devices together";
				INFOPLIST_KEY_UIApplicationSupportsIndirectInputEvents = YES;
				INFOPLIST_KEY_UILaunchStoryboardName = LaunchScreen;
				INFOPLIST_KEY_UIMainStoryboardFile = Main;
				INFOPLIST_KEY_UIRequiredDeviceCapabilities = arkit;
				INFOPLIST_KEY_UIStatusBarHidden = YES;
				INFOPLIST_KEY_UISupportedInterfaceOrientations_iPad = "UIInterfaceOrientationPortrait UIInterfaceOrientationPortraitUpsideDown UIInterfaceOrientationLandscapeLeft UIInterfaceOrientationLandscapeRight";
				INFOPLIST_KEY_UISupportedInterfaceOrientations_iPhone = "UIInterfaceOrientationPortrait UIInterfaceOrientationLandscapeLeft UIInterfaceOrientationLandscapeRight";
				INFOPLIST_KEY_WKExtensionDelegateClassName = "";
				LD_RUNPATH_SEARCH_PATHS = (
					"$(inherited)",
					"@executable_path/Frameworks",
				);
				MARKETING_VERSION = 1.0;
				NEW_SETTING = "";
				PRODUCT_BUNDLE_IDENTIFIER = com.cassia.LanguageImmersion;
				PRODUCT_NAME = "$(TARGET_NAME)";
				SWIFT_EMIT_LOC_STRINGS = YES;
				SWIFT_VERSION = 5.0;
				TARGETED_DEVICE_FAMILY = "1,2";
			};
			name = Release;
		};
/* End XCBuildConfiguration section */

/* Begin XCConfigurationList section */
		C39BD57D28EAE63500022089 /* Build configuration list for PBXProject "LanguageImmersion" */ = {
			isa = XCConfigurationList;
			buildConfigurations = (
				C39BD59328EAE63700022089 /* Debug */,
				C39BD59428EAE63700022089 /* Release */,
			);
			defaultConfigurationIsVisible = 0;
			defaultConfigurationName = Release;
		};
		C39BD59528EAE63700022089 /* Build configuration list for PBXNativeTarget "LanguageImmersion" */ = {
			isa = XCConfigurationList;
			buildConfigurations = (
				C39BD59628EAE63700022089 /* Debug */,
				C39BD59728EAE63700022089 /* Release */,
			);
			defaultConfigurationIsVisible = 0;
			defaultConfigurationName = Release;
		};
/* End XCConfigurationList section */

/* Begin XCRemoteSwiftPackageReference section */
		C39BD5A428EC27A900022089 /* XCRemoteSwiftPackageReference "multipeer-session" */ = {
			isa = XCRemoteSwiftPackageReference;
			repositoryURL = "https://github.com/AddedLayer/multipeer-session";
			requirement = {
				branch = master;
				kind = branch;
			};
		};
/* End XCRemoteSwiftPackageReference section */

/* Begin XCSwiftPackageProductDependency section */
		C39BD5A528EC27A900022089 /* MultipeerSession */ = {
			isa = XCSwiftPackageProductDependency;
			package = C39BD5A428EC27A900022089 /* XCRemoteSwiftPackageReference "multipeer-session" */;
			productName = MultipeerSession;
		};
/* End XCSwiftPackageProductDependency section */
	};
	rootObject = C39BD57A28EAE63500022089 /* Project object */;
}
